{
  "name": "sox-test",
  "version": "1.0.0",
  "lockfileVersion": 1,
  "requires": true,
  "dependencies": {
    "@tokenizer/token": {
      "version": "0.1.1",
      "resolved": "https://registry.npmjs.org/@tokenizer/token/-/token-0.1.1.tgz",
      "integrity": "sha512-XO6INPbZCxdprl+9qa/AAbFFOMzzwqYxpjPgLICrMD6C2FCw6qfJOPcBk6JqqPLSaZ/Qx87qn4rpPmPMwaAK6w=="
    },
    "@types/debug": {
      "version": "4.1.5",
      "resolved": "https://registry.npmjs.org/@types/debug/-/debug-4.1.5.tgz",
      "integrity": "sha512-Q1y515GcOdTHgagaVFhHnIFQ38ygs/kmxdNpvpou+raI9UO3YZcHDngBSYKQklcKlvA7iuQlmIKbzvmxcOE9CQ=="
    },
    "batch": {
      "version": "0.3.2",
      "resolved": "https://registry.npmjs.org/batch/-/batch-0.3.2.tgz",
      "integrity": "sha1-j4AsE1i+KzNTX4gI4KI8nwB1czs="
    },
    "content-type": {
      "version": "1.0.4",
      "resolved": "https://registry.npmjs.org/content-type/-/content-type-1.0.4.tgz",
      "integrity": "sha512-hIP3EEPs8tB9AT1L+NUqtwOAps4mk2Zob89MWXMHjHWg9milF/j4osnnQLXBCBFBk/tvIG/tUc9mOUJiPBhPXA=="
    },
    "debug": {
      "version": "4.1.1",
      "resolved": "https://registry.npmjs.org/debug/-/debug-4.1.1.tgz",
      "integrity": "sha512-pYAIzeRo8J6KPEaJ0VWOh5Pzkbw/RetuzehGM7QRRX5he4fPHx2rdKMB256ehJCkX+XRQm16eZLqLNS8RSZXZw==",
      "requires": {
        "ms": "^2.1.1"
      }
    },
    "file-type": {
      "version": "14.6.0",
      "resolved": "https://registry.npmjs.org/file-type/-/file-type-14.6.0.tgz",
      "integrity": "sha512-/Lg6yw7NtOVBe4wynSTDGyL32Jm+mqjYA7wZScjnEjYN1a68fhFhE75V2YEQPAfCoVtq6Mi02thUEYiOfTgLnQ==",
      "requires": {
        "readable-web-to-node-stream": "^2.0.0",
        "strtok3": "^6.0.0",
        "token-types": "^2.0.0",
        "typedarray-to-buffer": "^3.1.5"
      }
    },
    "ieee754": {
      "version": "1.1.13",
      "resolved": "https://registry.npmjs.org/ieee754/-/ieee754-1.1.13.tgz",
      "integrity": "sha512-4vf7I2LYV/HaWerSo3XmlMkp5eZ83i+/CDluXi/IGTs/O1sejBNhTtnxzmRZfvOUqj7lZjqHkeTvpgSFDlWZTg=="
    },
    "is-typedarray": {
      "version": "1.0.0",
      "resolved": "https://registry.npmjs.org/is-typedarray/-/is-typedarray-1.0.0.tgz",
      "integrity": "sha1-5HnICFjfDBsR3dppQPlgEfzaSpo="
    },
    "media-typer": {
      "version": "1.1.0",
      "resolved": "https://registry.npmjs.org/media-typer/-/media-typer-1.1.0.tgz",
      "integrity": "sha512-aisnrDP4GNe06UcKFnV5bfMNPBUw4jsLGaWwWfnH3v02GnBuXX2MCVn5RbrWo0j3pczUilYblq7fQ7Nw2t5XKw=="
    },
    "ms": {
      "version": "2.1.2",
      "resolved": "https://registry.npmjs.org/ms/-/ms-2.1.2.tgz",
      "integrity": "sha512-sGkPx+VjMtmA6MX27oA4FBFELFCZZ4S4XqeGOXCv68tT+jb3vk/RyaKWP0PTKyWtmLSM0b+adUTEvbs1PEaH2w=="
    },
    "music-metadata": {
      "version": "6.4.0",
      "resolved": "https://registry.npmjs.org/music-metadata/-/music-metadata-6.4.0.tgz",
      "integrity": "sha512-oNkXjiZAFPFDoN006+rEJL/plISMa7odQzFLXYdY7AeoqPLPCFBmNaB9L3llndPmA/eKU0BJoX3mpZoyRL7avg==",
      "requires": {
        "content-type": "^1.0.4",
        "debug": "^4.1.0",
        "file-type": "^14.3.0",
        "media-typer": "^1.1.0",
        "strtok3": "^6.0.0",
        "token-types": "^2.0.0"
      }
    },
    "peek-readable": {
      "version": "3.1.0",
      "resolved": "https://registry.npmjs.org/peek-readable/-/peek-readable-3.1.0.tgz",
      "integrity": "sha512-KGuODSTV6hcgdZvDrIDBUkN0utcAVj1LL7FfGbM0viKTtCHmtZcuEJ+lGqsp0fTFkGqesdtemV2yUSMeyy3ddA=="
    },
    "readable-web-to-node-stream": {
      "version": "2.0.0",
      "resolved": "https://registry.npmjs.org/readable-web-to-node-stream/-/readable-web-to-node-stream-2.0.0.tgz",
      "integrity": "sha512-+oZJurc4hXpaaqsN68GoZGQAQIA3qr09Or4fqEsargABnbe5Aau8hFn6ISVleT3cpY/0n/8drn7huyyEvTbghA=="
    },
    "sox": {
      "version": "0.1.0",
      "resolved": "https://registry.npmjs.org/sox/-/sox-0.1.0.tgz",
      "integrity": "sha1-poTcxprvBXwkHUog5utgBKMkVWA=",
      "requires": {
        "batch": "~0.3.2"
      }
    },
    "sox-audio": {
      "version": "0.3.0",
      "resolved": "https://registry.npmjs.org/sox-audio/-/sox-audio-0.3.0.tgz",
      "integrity": "sha1-3UOk3X+pf/QGY5DDmQOuSrGYrsU=",
      "requires": {
        "through": "^2.3.6"
      }
    },
    "strtok3": {
      "version": "6.0.0",
      "resolved": "https://registry.npmjs.org/strtok3/-/strtok3-6.0.0.tgz",
      "integrity": "sha512-ZXlmE22LZnIBvEU3n/kZGdh770fYFie65u5+2hLK9s74DoFtpkQIdBZVeYEzlolpGa+52G5IkzjUWn+iXynOEQ==",
      "requires": {
        "@tokenizer/token": "^0.1.1",
        "@types/debug": "^4.1.5",
        "debug": "^4.1.1",
        "peek-readable": "^3.1.0"
      }
    },
    "through": {
      "version": "2.3.8",
      "resolved": "https://registry.npmjs.org/through/-/through-2.3.8.tgz",
      "integrity": "sha1-DdTJ/6q8NXlgsbckEV1+Doai4fU="
    },
    "token-types": {
      "version": "2.0.0",
      "resolved": "https://registry.npmjs.org/token-types/-/token-types-2.0.0.tgz",
      "integrity": "sha512-WWvu8sGK8/ZmGusekZJJ5NM6rRVTTDO7/bahz4NGiSDb/XsmdYBn6a1N/bymUHuWYTWeuLUg98wUzvE4jPdCZw==",
      "requires": {
        "@tokenizer/token": "^0.1.0",
        "ieee754": "^1.1.13"
      }
    },
    "typedarray-to-buffer": {
      "version": "3.1.5",
      "resolved": "https://registry.npmjs.org/typedarray-to-buffer/-/typedarray-to-buffer-3.1.5.tgz",
      "integrity": "sha512-zdu8XMNEDepKKR+XYOXAVPtWui0ly0NtohUscw+UmaHiAWT8hrV1rr//H6V+0DvJ3OQ19S979M0laLfX8rm82Q==",
      "requires": {
        "is-typedarray": "^1.0.0"
      }
    }
  }
}
